#MicroXplorer Configuration settings - do not modify
CAD.formats=
CAD.pinconfig=
CAD.provider=
FREERTOS.FootprintOK=true
FREERTOS.IPParameters=Tasks01,FootprintOK
FREERTOS.Tasks01=defaultTask,0,128,FdefaultTask,Default,NULL,Dynamic,NULL,NULL;heartBeat,-3,128,FheartBeat,Default,NULL,Dynamic,NULL,NULL
File.Version=6
GPIO.groupedBy=
I2C1.IPParameters=Timing
I2C1.Timing=0x10707DBC
KeepUserPlacement=false
Mcu.CPN=STM32G070RBT6TR
Mcu.Family=STM32G0
Mcu.IP0=FREERTOS
Mcu.IP1=I2C1
Mcu.IP2=NVIC
Mcu.IP3=RCC
Mcu.IP4=SYS
Mcu.IP5=USART1
Mcu.IPNb=6
Mcu.Name=STM32G070RBTx
Mcu.Package=LQFP64
Mcu.Pin0=PC3
Mcu.Pin1=PA9
Mcu.Pin2=PA10
Mcu.Pin3=PA13
Mcu.Pin4=PA14-BOOT0
Mcu.Pin5=PB7
Mcu.Pin6=PB8
Mcu.Pin7=VP_FREERTOS_VS_CMSIS_V1
Mcu.Pin8=VP_SYS_VS_tim1
Mcu.Pin9=VP_SYS_VS_DBSignals
Mcu.PinsNb=10
Mcu.ThirdPartyNb=0
Mcu.UserConstants=
Mcu.UserName=STM32G070RBTx
MxCube.Version=6.10.0
MxDb.Version=DB.6.0.100
NVIC.ForceEnableDMAVector=true
NVIC.HardFault_IRQn=true\:0\:0\:false\:false\:true\:false\:false\:false\:false
NVIC.NonMaskableInt_IRQn=true\:0\:0\:false\:false\:true\:false\:false\:false\:false
NVIC.PendSV_IRQn=true\:3\:0\:false\:false\:false\:true\:false\:false\:false
NVIC.SVC_IRQn=true\:0\:0\:false\:false\:false\:false\:false\:false\:true
NVIC.SavedPendsvIrqHandlerGenerated=true
NVIC.SavedSvcallIrqHandlerGenerated=true
NVIC.SavedSystickIrqHandlerGenerated=true
NVIC.SysTick_IRQn=true\:3\:0\:false\:false\:false\:true\:false\:true\:false
NVIC.TIM1_BRK_UP_TRG_COM_IRQn=true\:3\:0\:false\:false\:true\:false\:false\:true\:true
NVIC.TimeBase=TIM1_BRK_UP_TRG_COM_IRQn
NVIC.TimeBaseIP=TIM1
PA10.Locked=true
PA10.Mode=Asynchronous
PA10.Signal=USART1_RX
PA13.Locked=true
PA13.Mode=Serial_Wire
PA13.Signal=SYS_SWDIO
PA14-BOOT0.Locked=true
PA14-BOOT0.Mode=Serial_Wire
PA14-BOOT0.Signal=SYS_SWCLK
PA9.Locked=true
PA9.Mode=Asynchronous
PA9.Signal=USART1_TX
PB7.GPIOParameters=GPIO_Pu
PB7.GPIO_Pu=GPIO_PULLUP
PB7.Locked=true
PB7.Mode=I2C
PB7.Signal=I2C1_SDA
PB8.GPIOParameters=GPIO_Pu
PB8.GPIO_Pu=GPIO_PULLUP
PB8.Locked=true
PB8.Mode=I2C
PB8.Signal=I2C1_SCL
PC3.GPIOParameters=GPIO_Label
PC3.GPIO_Label=ST_heartbeat
PC3.Locked=true
PC3.Signal=GPIO_Output
PinOutPanel.RotationAngle=0
ProjectManager.AskForMigrate=true
ProjectManager.BackupPrevious=false
ProjectManager.CompilerOptimize=6
ProjectManager.ComputerToolchain=false
ProjectManager.CoupleFile=false
ProjectManager.CustomerFirmwarePackage=
ProjectManager.DefaultFWLocation=true
ProjectManager.DeletePrevious=true
ProjectManager.DeviceId=STM32G070RBTx
ProjectManager.FirmwarePackage=STM32Cube FW_G0 V1.6.1
ProjectManager.FreePins=false
ProjectManager.HalAssertFull=false
ProjectManager.HeapSize=0x200
ProjectManager.KeepUserCode=true
ProjectManager.LastFirmware=true
ProjectManager.LibraryCopy=0
ProjectManager.MainLocation=Core/Src
ProjectManager.NoMain=false
ProjectManager.PreviousToolchain=
ProjectManager.ProjectBuild=false
ProjectManager.ProjectFileName=CybICS.ioc
ProjectManager.ProjectName=CybICS
ProjectManager.ProjectStructure=
ProjectManager.RegisterCallBack=
ProjectManager.StackSize=0x400
ProjectManager.TargetToolchain=Makefile
ProjectManager.ToolChainLocation=
ProjectManager.UAScriptAfterPath=
ProjectManager.UAScriptBeforePath=
ProjectManager.UnderRoot=false
ProjectManager.functionlistsort=1-SystemClock_Config-RCC-false-HAL-false,2-MX_GPIO_Init-GPIO-false-HAL-true,3-MX_I2C1_Init-I2C1-false-HAL-true,4-MX_USART1_UART_Init-USART1-false-HAL-true
RCC.ADCFreq_Value=64000000
RCC.AHBFreq_Value=64000000
RCC.APBFreq_Value=64000000
RCC.APBTimFreq_Value=64000000
RCC.CortexFreq_Value=64000000
RCC.EXTERNAL_CLOCK_VALUE=48000
RCC.FCLKCortexFreq_Value=64000000
RCC.FamilyName=M
RCC.HCLKFreq_Value=64000000
RCC.HSE_VALUE=8000000
RCC.HSI_VALUE=16000000
RCC.I2C1Freq_Value=64000000
RCC.I2S1Freq_Value=64000000
RCC.IPParameters=ADCFreq_Value,AHBFreq_Value,APBFreq_Value,APBTimFreq_Value,CortexFreq_Value,EXTERNAL_CLOCK_VALUE,FCLKCortexFreq_Value,FamilyName,HCLKFreq_Value,HSE_VALUE,HSI_VALUE,I2C1Freq_Value,I2S1Freq_Value,LSCOPinFreq_Value,LSE_VALUE,LSI_VALUE,MCO1PinFreq_Value,PLLPoutputFreq_Value,PLLRCLKFreq_Value,PWRFreq_Value,SYSCLKFreq_VALUE,SYSCLKSource,USART1Freq_Value,USART2Freq_Value,VCOInputFreq_Value,VCOOutputFreq_Value
RCC.LSCOPinFreq_Value=32000
RCC.LSE_VALUE=32768
RCC.LSI_VALUE=32000
RCC.MCO1PinFreq_Value=64000000
RCC.PLLPoutputFreq_Value=64000000
RCC.PLLRCLKFreq_Value=64000000
RCC.PWRFreq_Value=64000000
RCC.SYSCLKFreq_VALUE=64000000
RCC.SYSCLKSource=RCC_SYSCLKSOURCE_PLLCLK
RCC.USART1Freq_Value=64000000
RCC.USART2Freq_Value=64000000
RCC.VCOInputFreq_Value=16000000
RCC.VCOOutputFreq_Value=128000000
USART1.IPParameters=VirtualMode-Asynchronous
USART1.VirtualMode-Asynchronous=VM_ASYNC
VP_FREERTOS_VS_CMSIS_V1.Mode=CMSIS_V1
VP_FREERTOS_VS_CMSIS_V1.Signal=FREERTOS_VS_CMSIS_V1
VP_SYS_VS_DBSignals.Mode=DisableDeadBatterySignals
VP_SYS_VS_DBSignals.Signal=SYS_VS_DBSignals
VP_SYS_VS_tim1.Mode=TIM1
VP_SYS_VS_tim1.Signal=SYS_VS_tim1
board=custom
rtos.0.ip=FREERTOS
